
Microsoft Visual Studio Solution File, Format Version 12.00
# Visual Studio Version 17
VisualStudioVersion = 17.0.31903.59
MinimumVisualStudioVersion = 10.0.40219.1
Project("{2150E333-8FDC-42A3-9474-1A3956D46DE8}") = "src", "src", "{FFF38B53-BBBB-4C57-9E8F-4870B0F0E905}"
EndProject
Project("{FAE04EC0-301F-11D3-BF4B-00C04F79EFBC}") = "Application", "src\Application\Application.csproj", "{2EF16456-79B8-4ABF-85C9-F2247AB5F961}"
EndProject
Project("{FAE04EC0-301F-11D3-BF4B-00C04F79EFBC}") = "Infrastructure", "src\Infrastructure\Infrastructure.csproj", "{EBBEF772-DB79-492A-A976-E982E52DCF68}"
EndProject
Global
	GlobalSection(SolutionConfigurationPlatforms) = preSolution
		Debug|Any CPU = Debug|Any CPU
		Release|Any CPU = Release|Any CPU
	EndGlobalSection
	GlobalSection(SolutionProperties) = preSolution
		HideSolutionNode = FALSE
	EndGlobalSection
	GlobalSection(NestedProjects) = preSolution
		{2EF16456-79B8-4ABF-85C9-F2247AB5F961} = {FFF38B53-BBBB-4C57-9E8F-4870B0F0E905}
		{EBBEF772-DB79-492A-A976-E982E52DCF68} = {FFF38B53-BBBB-4C57-9E8F-4870B0F0E905}
	EndGlobalSection
	GlobalSection(ProjectConfigurationPlatforms) = postSolution
		{2EF16456-79B8-4ABF-85C9-F2247AB5F961}.Debug|Any CPU.ActiveCfg = Debug|Any CPU
		{2EF16456-79B8-4ABF-85C9-F2247AB5F961}.Debug|Any CPU.Build.0 = Debug|Any CPU
		{2EF16456-79B8-4ABF-85C9-F2247AB5F961}.Release|Any CPU.ActiveCfg = Release|Any CPU
		{2EF16456-79B8-4ABF-85C9-F2247AB5F961}.Release|Any CPU.Build.0 = Release|Any CPU
		{EBBEF772-DB79-492A-A976-E982E52DCF68}.Debug|Any CPU.ActiveCfg = Debug|Any CPU
		{EBBEF772-DB79-492A-A976-E982E52DCF68}.Debug|Any CPU.Build.0 = Debug|Any CPU
		{EBBEF772-DB79-492A-A976-E982E52DCF68}.Release|Any CPU.ActiveCfg = Release|Any CPU
		{EBBEF772-DB79-492A-A976-E982E52DCF68}.Release|Any CPU.Build.0 = Release|Any CPU
	EndGlobalSection
EndGlobal
